<?xml version="1.0" encoding="utf-8"?>
<Project ToolsVersion="4.0" xmlns="http://schemas.microsoft.com/developer/msbuild/2003">
  <ItemGroup>
    <Filter Include="Form Files">
      <UniqueIdentifier>{99349809-55BA-4b9d-BF79-8FDBB0286EB3}</UniqueIdentifier>
      <Extensions>ui</Extensions>
      <ParseFiles>false</ParseFiles>
    </Filter>
    <Filter Include="Form Files">
      <UniqueIdentifier>{99349809-55BA-4b9d-BF79-8FDBB0286EB3}</UniqueIdentifier>
      <Extensions>ui</Extensions>
      <ParseFiles>false</ParseFiles>
    </Filter>
    <Filter Include="Generated Files">
      <UniqueIdentifier>{71ED8ED8-ACB9-4CE9-BBE1-E00B30144E11}</UniqueIdentifier>
      <Extensions>cpp;c;cxx;moc;h;def;odl;idl;res;</Extensions>
    </Filter>
    <Filter Include="Generated Files">
      <UniqueIdentifier>{71ED8ED8-ACB9-4CE9-BBE1-E00B30144E11}</UniqueIdentifier>
      <Extensions>cpp;c;cxx;moc;h;def;odl;idl;res;</Extensions>
    </Filter>
    <Filter Include="Header Files">
      <UniqueIdentifier>{93995380-89BD-4b04-88EB-625FBE52EBFB}</UniqueIdentifier>
      <Extensions>h;hpp;hxx;hm;inl;inc;xsd</Extensions>
    </Filter>
    <Filter Include="Header Files">
      <UniqueIdentifier>{93995380-89BD-4b04-88EB-625FBE52EBFB}</UniqueIdentifier>
      <Extensions>h;hpp;hxx;hm;inl;inc;xsd</Extensions>
    </Filter>
    <Filter Include="Source Files">
      <UniqueIdentifier>{4FC737F1-C7A5-4376-A066-2A32D752A2FF}</UniqueIdentifier>
      <Extensions>cpp;c;cxx;def;odl;idl;hpj;bat;asm;asmx</Extensions>
    </Filter>
    <Filter Include="Source Files">
      <UniqueIdentifier>{4FC737F1-C7A5-4376-A066-2A32D752A2FF}</UniqueIdentifier>
      <Extensions>cpp;c;cxx;def;odl;idl;hpj;bat;asm;asmx</Extensions>
    </Filter>
    <Filter Include="Resource Files">
      <UniqueIdentifier>{D9D6E242-F8AF-46E4-B9FD-80ECBC20BA3E}</UniqueIdentifier>
      <Extensions>qrc;*</Extensions>
      <ParseFiles>false</ParseFiles>
    </Filter>
  </ItemGroup>
  <ItemGroup>
    <ClCompile Include="main.cpp">
      <Filter>Source Files</Filter>
    </ClCompile>
    <ClCompile Include="threepulsedialog.cpp">
      <Filter>Source Files</Filter>
    </ClCompile>
    <ClCompile Include="tipdialog.cpp">
      <Filter>Source Files</Filter>
    </ClCompile>
    <ClCompile Include="testdialog.cpp">
      <Filter>Source Files</Filter>
    </ClCompile>
    <ClCompile Include="prechoosedialog.cpp">
      <Filter>Source Files</Filter>
    </ClCompile>
    <ClCompile Include="logindialog.cpp">
      <Filter>Source Files</Filter>
    </ClCompile>
    <ClCompile Include="baseinfodialog.cpp">
      <Filter>Source Files</Filter>
    </ClCompile>
    <ClCompile Include="getpulsedata_three.cpp">
      <Filter>Source Files</Filter>
    </ClCompile>
  </ItemGroup>
  <ItemGroup>
    <QtMoc Include="threepulsedialog.h">
      <Filter>Header Files</Filter>
    </QtMoc>
    <QtMoc Include="tipdialog.h">
      <Filter>Header Files</Filter>
    </QtMoc>
    <QtMoc Include="testdialog.h">
      <Filter>Header Files</Filter>
    </QtMoc>
    <QtMoc Include="prechoosedialog.h">
      <Filter>Header Files</Filter>
    </QtMoc>
    <QtMoc Include="logindialog.h">
      <Filter>Header Files</Filter>
    </QtMoc>
    <QtMoc Include="baseinfodialog.h">
      <Filter>Header Files</Filter>
    </QtMoc>
    <QtMoc Include="getpulsedata_three.h">
      <Filter>Header Files</Filter>
    </QtMoc>
  </ItemGroup>
  <ItemGroup>
    <ClInclude Include="ui_threepulsedialog.h">
      <Filter>Generated Files</Filter>
    </ClInclude>
    <ClInclude Include="ui_tipdialog.h">
      <Filter>Generated Files</Filter>
    </ClInclude>
    <ClInclude Include="ui_testdialog.h">
      <Filter>Generated Files</Filter>
    </ClInclude>
    <ClInclude Include="ui_prechoosedialog.h">
      <Filter>Generated Files</Filter>
    </ClInclude>
    <ClInclude Include="ui_logindialog.h">
      <Filter>Generated Files</Filter>
    </ClInclude>
    <ClInclude Include="ui_baseinfodialog.h">
      <Filter>Generated Files</Filter>
    </ClInclude>
    <ClInclude Include="MX.h">
      <Filter>Header Files</Filter>
    </ClInclude>
    <ClInclude Include="MX_Local.h">
      <Filter>Header Files</Filter>
    </ClInclude>
  </ItemGroup>
  <ItemGroup>
    <QtUic Include="threepulsedialog.ui">
      <Filter>Form Files</Filter>
    </QtUic>
    <QtUic Include="tipdialog.ui">
      <Filter>Form Files</Filter>
    </QtUic>
    <QtUic Include="testdialog.ui">
      <Filter>Form Files</Filter>
    </QtUic>
    <QtUic Include="prechoosedialog.ui">
      <Filter>Form Files</Filter>
    </QtUic>
    <QtUic Include="logindialog.ui">
      <Filter>Form Files</Filter>
    </QtUic>
    <QtUic Include="baseinfodialog.ui">
      <Filter>Form Files</Filter>
    </QtUic>
  </ItemGroup>
  <ItemGroup>
    <Image Include="image\pulse\Shape1.png">
      <Filter>Resource Files</Filter>
    </Image>
    <Image Include="image\pulse\Shape1拷贝4.png">
      <Filter>Resource Files</Filter>
    </Image>
    <Image Include="image\pulse\圆角矩形14.png">
      <Filter>Resource Files</Filter>
    </Image>
    <Image Include="image\pulse\圆角矩形1413.png">
      <Filter>Resource Files</Filter>
    </Image>
    <Image Include="image\loadafter\buchong\shexingkuang.png">
      <Filter>Resource Files</Filter>
    </Image>
  </ItemGroup>
  <ItemGroup>
    <QtRcc Include="image_pulse.qrc">
      <Filter>Resource Files</Filter>
    </QtRcc>
  </ItemGroup>
</Project>